
Microsoft Visual Studio Solution File, Format Version 12.00
# Visual Studio Version 17
VisualStudioVersion = 17.11.35222.181
MinimumVisualStudioVersion = 10.0.40219.1
Project("{FAE04EC0-301F-11D3-BF4B-00C04F79EFBC}") = "TgBotBorderCross", "TgBotBorderCross.csproj", "{0D589AAB-8E97-4B75-AEF9-5C24A8BC20D1}"
EndProject
Global
	GlobalSection(SolutionConfigurationPlatforms) = preSolution
		Debug|Any CPU = Debug|Any CPU
		Release|Any CPU = Release|Any CPU
	EndGlobalSection
	GlobalSection(ProjectConfigurationPlatforms) = postSolution
		{0D589AAB-8E97-4B75-AEF9-5C24A8BC20D1}.Debug|Any CPU.ActiveCfg = Debug|Any CPU
		{0D589AAB-8E97-4B75-AEF9-5C24A8BC20D1}.Debug|Any CPU.Build.0 = Debug|Any CPU
		{0D589AAB-8E97-4B75-AEF9-5C24A8BC20D1}.Release|Any CPU.ActiveCfg = Release|Any CPU
		{0D589AAB-8E97-4B75-AEF9-5C24A8BC20D1}.Release|Any CPU.Build.0 = Release|Any CPU
	EndGlobalSection
	GlobalSection(SolutionProperties) = preSolution
		HideSolutionNode = FALSE
	EndGlobalSection
	GlobalSection(ExtensibilityGlobals) = postSolution
		SolutionGuid = {4F722625-9FB9-4419-B0A4-B58F03C08CDD}
	EndGlobalSection
EndGlobal
